
Microsoft Visual Studio Solution File, Format Version 12.00
# Visual Studio Version 17
VisualStudioVersion = 17.11.35303.130
MinimumVisualStudioVersion = 10.0.40219.1
Project("{2150E333-8FDC-42A3-9474-1A3956D46DE8}") = "Task0", "Task0", "{18EB0384-E71A-4AF8-AB7E-4F00C55F5664}"
EndProject
Project("{9A19103F-16F7-4668-BE54-9A1E7A4F7556}") = "Tyuiu.YakimukVV.Sprint1.Task0.V15", "Tyuiu.YakimukVV.Sprint1.Task0.V15\Tyuiu.YakimukVV.Sprint1.Task0.V15.csproj", "{921D888F-9CE9-4348-9CF2-374A7207BFD2}"
EndProject
Project("{9A19103F-16F7-4668-BE54-9A1E7A4F7556}") = "Tyuiu.YakimukVV.Sprint1.Task0.V15.Test", "Tyuiu.YakimukVV.Sprint1.Task0.V15.Test\Tyuiu.YakimukVV.Sprint1.Task0.V15.Test.csproj", "{AF7ED05B-26C7-40C9-88AD-17E80AEB9EAA}"
EndProject
Project("{9A19103F-16F7-4668-BE54-9A1E7A4F7556}") = "Tyuiu.YakimukVV.Sprint1.Task0.V15.Lib", "Tyuiu.YakimukVV.Sprint1.Task0.V15.Lib\Tyuiu.YakimukVV.Sprint1.Task0.V15.Lib.csproj", "{60F6D41F-0F91-4864-974D-BA14A73859D5}"
EndProject
Project("{2150E333-8FDC-42A3-9474-1A3956D46DE8}") = "Task1", "Task1", "{E66630D2-A695-4547-AE2F-91268ABA3878}"
EndProject
Project("{9A19103F-16F7-4668-BE54-9A1E7A4F7556}") = "Tyuiu.YakimukVV.Sprint1.Task1.V22", "Tyuiu.YakimukVV.Sprint1.Task1.V22\Tyuiu.YakimukVV.Sprint1.Task1.V22.csproj", "{87DF49E7-CE3D-488F-BCBE-7F144FDF1F27}"
EndProject
Project("{9A19103F-16F7-4668-BE54-9A1E7A4F7556}") = "Tyuiu.YakimukVV.Sprint1.Task1.V22.Lib", "Tyuiu.YakimukVV.Sprint1.Task1.V22.Lib\Tyuiu.YakimukVV.Sprint1.Task1.V22.Lib.csproj", "{83DBE6D4-51C1-4FBD-ADE7-CE7A8DE88E6C}"
EndProject
Project("{9A19103F-16F7-4668-BE54-9A1E7A4F7556}") = "Tyuiu.YakimukVV.Sprint1.Task1.V22.Test", "Tyuiu.YakimukVV.Sprint1.Task1.V22.Test\Tyuiu.YakimukVV.Sprint1.Task1.V22.Test.csproj", "{88158700-0169-4AE7-A54F-DD099D4A78AF}"
EndProject
Project("{2150E333-8FDC-42A3-9474-1A3956D46DE8}") = "Task2", "Task2", "{2F50D536-A65A-4D73-8573-265C127DFC54}"
EndProject
Project("{9A19103F-16F7-4668-BE54-9A1E7A4F7556}") = "Tyuiu.YakimukVV.Sprint1.Task2.V27", "Tyuiu.YakimukVV.Sprint1.Task2.V27\Tyuiu.YakimukVV.Sprint1.Task2.V27.csproj", "{346E1F7F-6E37-470A-8C0A-E8627E76DB9D}"
EndProject
Project("{9A19103F-16F7-4668-BE54-9A1E7A4F7556}") = "Tyuiu.YakimukVV.Sprint1.Task2.V27.Lib", "Tyuiu.YakimukVV.Sprint1.Task2.V27.Lib\Tyuiu.YakimukVV.Sprint1.Task2.V27.Lib.csproj", "{197C622C-C53D-4494-9204-B876F948AECA}"
EndProject
Project("{9A19103F-16F7-4668-BE54-9A1E7A4F7556}") = "Tyuiu.YakimukVV.Sprint1.Task2.V27.Test", "Tyuiu.YakimukVV.Sprint1.Task2.V27.Test\Tyuiu.YakimukVV.Sprint1.Task2.V27.Test.csproj", "{5A33E74B-4AFB-4E1D-AA5C-1B9D43EF2FB4}"
EndProject
Project("{2150E333-8FDC-42A3-9474-1A3956D46DE8}") = "Task3", "Task3", "{0E8F5188-8690-4480-AD14-9BA77197A35B}"
EndProject
Project("{9A19103F-16F7-4668-BE54-9A1E7A4F7556}") = "Tyuiu.YakimukVV.Sprint1.Task3.V16", "Tyuiu.YakimukVV.Sprint1.Task3.V16\Tyuiu.YakimukVV.Sprint1.Task3.V16.csproj", "{4B8BF33E-9AF7-40D2-9A22-5BB6C515564C}"
EndProject
Project("{9A19103F-16F7-4668-BE54-9A1E7A4F7556}") = "Tyuiu.YakimukVV.Sprint1.Task3.V16.Test", "Tyuiu.YakimukVV.Sprint1.Task3.V16.Test\Tyuiu.YakimukVV.Sprint1.Task3.V16.Test.csproj", "{0CAD8CC9-4A2B-48EB-8531-9D9CAD1EE463}"
EndProject
Project("{9A19103F-16F7-4668-BE54-9A1E7A4F7556}") = "Tyuiu.YakimukVV.Sprint1.Task3.V16.Lib", "Tyuiu.YakimukVV.Sprint1.Task3.V16.Lib\Tyuiu.YakimukVV.Sprint1.Task3.V16.Lib.csproj", "{2030E7F6-211C-4A62-AE57-F706A70ADE5C}"
EndProject
Project("{2150E333-8FDC-42A3-9474-1A3956D46DE8}") = "Task4", "Task4", "{00206EB6-E7F9-4DE8-81DB-58C76B6C7E13}"
EndProject
Project("{9A19103F-16F7-4668-BE54-9A1E7A4F7556}") = "Tyuiu.YakimukVV.Sprint1.Task4.V1", "Tyuiu.YakimukVV.Sprint1.Task4.V1\Tyuiu.YakimukVV.Sprint1.Task4.V1.csproj", "{90911E94-D28E-4311-BD96-0B2D8C94460D}"
EndProject
Project("{9A19103F-16F7-4668-BE54-9A1E7A4F7556}") = "Tyuiu.YakimukVV.Sprint1.Task4.V1.Lib", "Tyuiu.YakimukVV.Sprint1.Task4.V1.Lib\Tyuiu.YakimukVV.Sprint1.Task4.V1.Lib.csproj", "{0E3FD7FC-B171-472E-8199-1F118B689D19}"
EndProject
Project("{9A19103F-16F7-4668-BE54-9A1E7A4F7556}") = "Tyuiu.YakimukVV.Sprint1.Task4.V1.Test", "Tyuiu.YakimukVV.Sprint1.Task4.V1.Test\Tyuiu.YakimukVV.Sprint1.Task4.V1.Test.csproj", "{C72DBD94-D3D9-45DB-9129-A3258F0F0F65}"
EndProject
Project("{2150E333-8FDC-42A3-9474-1A3956D46DE8}") = "Task5", "Task5", "{1E4B4D33-CFF1-4F46-AC81-EE1B795EA805}"
EndProject
Project("{9A19103F-16F7-4668-BE54-9A1E7A4F7556}") = "Tyuiu.YakimukVV.Sprint1.Task5.V1", "Tyuiu.YakimukVV.Sprint1.Task5.V1\Tyuiu.YakimukVV.Sprint1.Task5.V1.csproj", "{7626197D-5B4E-446C-B379-69E8D9FC441C}"
EndProject
Project("{9A19103F-16F7-4668-BE54-9A1E7A4F7556}") = "Tyuiu.YakimukVV.Sprint1.Task5.V1.Test", "Tyuiu.YakimukVV.Sprint1.Task5.V1.Test\Tyuiu.YakimukVV.Sprint1.Task5.V1.Test.csproj", "{CAA5BAA2-7513-48E4-9933-E24680D5E4B4}"
EndProject
Project("{9A19103F-16F7-4668-BE54-9A1E7A4F7556}") = "Tyuiu.YakimukVV.Sprint1.Task5.V1.Lib", "Tyuiu.YakimukVV.Sprint1.Task5.V1.Lib\Tyuiu.YakimukVV.Sprint1.Task5.V1.Lib.csproj", "{C9F9301F-0C06-48BA-AD54-44664CB6AB4F}"
EndProject
Project("{2150E333-8FDC-42A3-9474-1A3956D46DE8}") = "Task6", "Task6", "{317B80EE-796B-469C-8869-09316391D545}"
EndProject
Project("{FAE04EC0-301F-11D3-BF4B-00C04F79EFBC}") = "Tyuiu.YakimukVV.Sprint1.Task6.V8", "Tyuiu.YakimukVV.Sprint1.Task6.V8\Tyuiu.YakimukVV.Sprint1.Task6.V8.csproj", "{19F2D824-D6B1-4D02-8E31-F5EFA9761D70}"
EndProject
Project("{FAE04EC0-301F-11D3-BF4B-00C04F79EFBC}") = "Tyuiu.YakimukVV.Sprint1.Task6.V8.Lib", "Tyuiu.YakimukVV.Sprint1.Task6.V8.Lib\Tyuiu.YakimukVV.Sprint1.Task6.V8.Lib.csproj", "{2FEF3B6B-0EEC-4EA1-B66F-04137E83D686}"
EndProject
Project("{FAE04EC0-301F-11D3-BF4B-00C04F79EFBC}") = "Tyuiu.YakimukVV.Sprint1.Task6.V8.Test", "Tyuiu.YakimukVV.Sprint1.Task6.V8.Test\Tyuiu.YakimukVV.Sprint1.Task6.V8.Test.csproj", "{BF307479-2FB3-46EE-9D48-ECD43B8889B2}"
EndProject
Global
	GlobalSection(SolutionConfigurationPlatforms) = preSolution
		Debug|Any CPU = Debug|Any CPU
		Release|Any CPU = Release|Any CPU
	EndGlobalSection
	GlobalSection(ProjectConfigurationPlatforms) = postSolution
		{921D888F-9CE9-4348-9CF2-374A7207BFD2}.Debug|Any CPU.ActiveCfg = Debug|Any CPU
		{921D888F-9CE9-4348-9CF2-374A7207BFD2}.Debug|Any CPU.Build.0 = Debug|Any CPU
		{921D888F-9CE9-4348-9CF2-374A7207BFD2}.Release|Any CPU.ActiveCfg = Release|Any CPU
		{921D888F-9CE9-4348-9CF2-374A7207BFD2}.Release|Any CPU.Build.0 = Release|Any CPU
		{AF7ED05B-26C7-40C9-88AD-17E80AEB9EAA}.Debug|Any CPU.ActiveCfg = Debug|Any CPU
		{AF7ED05B-26C7-40C9-88AD-17E80AEB9EAA}.Debug|Any CPU.Build.0 = Debug|Any CPU
		{AF7ED05B-26C7-40C9-88AD-17E80AEB9EAA}.Release|Any CPU.ActiveCfg = Release|Any CPU
		{AF7ED05B-26C7-40C9-88AD-17E80AEB9EAA}.Release|Any CPU.Build.0 = Release|Any CPU
		{60F6D41F-0F91-4864-974D-BA14A73859D5}.Debug|Any CPU.ActiveCfg = Debug|Any CPU
		{60F6D41F-0F91-4864-974D-BA14A73859D5}.Debug|Any CPU.Build.0 = Debug|Any CPU
		{60F6D41F-0F91-4864-974D-BA14A73859D5}.Release|Any CPU.ActiveCfg = Release|Any CPU
		{60F6D41F-0F91-4864-974D-BA14A73859D5}.Release|Any CPU.Build.0 = Release|Any CPU
		{87DF49E7-CE3D-488F-BCBE-7F144FDF1F27}.Debug|Any CPU.ActiveCfg = Debug|Any CPU
		{87DF49E7-CE3D-488F-BCBE-7F144FDF1F27}.Debug|Any CPU.Build.0 = Debug|Any CPU
		{87DF49E7-CE3D-488F-BCBE-7F144FDF1F27}.Release|Any CPU.ActiveCfg = Release|Any CPU
		{87DF49E7-CE3D-488F-BCBE-7F144FDF1F27}.Release|Any CPU.Build.0 = Release|Any CPU
		{83DBE6D4-51C1-4FBD-ADE7-CE7A8DE88E6C}.Debug|Any CPU.ActiveCfg = Debug|Any CPU
		{83DBE6D4-51C1-4FBD-ADE7-CE7A8DE88E6C}.Debug|Any CPU.Build.0 = Debug|Any CPU
		{83DBE6D4-51C1-4FBD-ADE7-CE7A8DE88E6C}.Release|Any CPU.ActiveCfg = Release|Any CPU
		{83DBE6D4-51C1-4FBD-ADE7-CE7A8DE88E6C}.Release|Any CPU.Build.0 = Release|Any CPU
		{88158700-0169-4AE7-A54F-DD099D4A78AF}.Debug|Any CPU.ActiveCfg = Debug|Any CPU
		{88158700-0169-4AE7-A54F-DD099D4A78AF}.Debug|Any CPU.Build.0 = Debug|Any CPU
		{88158700-0169-4AE7-A54F-DD099D4A78AF}.Release|Any CPU.ActiveCfg = Release|Any CPU
		{88158700-0169-4AE7-A54F-DD099D4A78AF}.Release|Any CPU.Build.0 = Release|Any CPU
		{346E1F7F-6E37-470A-8C0A-E8627E76DB9D}.Debug|Any CPU.ActiveCfg = Debug|Any CPU
		{346E1F7F-6E37-470A-8C0A-E8627E76DB9D}.Debug|Any CPU.Build.0 = Debug|Any CPU
		{346E1F7F-6E37-470A-8C0A-E8627E76DB9D}.Release|Any CPU.ActiveCfg = Release|Any CPU
		{346E1F7F-6E37-470A-8C0A-E8627E76DB9D}.Release|Any CPU.Build.0 = Release|Any CPU
		{197C622C-C53D-4494-9204-B876F948AECA}.Debug|Any CPU.ActiveCfg = Debug|Any CPU
		{197C622C-C53D-4494-9204-B876F948AECA}.Debug|Any CPU.Build.0 = Debug|Any CPU
		{197C622C-C53D-4494-9204-B876F948AECA}.Release|Any CPU.ActiveCfg = Release|Any CPU
		{197C622C-C53D-4494-9204-B876F948AECA}.Release|Any CPU.Build.0 = Release|Any CPU
		{5A33E74B-4AFB-4E1D-AA5C-1B9D43EF2FB4}.Debug|Any CPU.ActiveCfg = Debug|Any CPU
		{5A33E74B-4AFB-4E1D-AA5C-1B9D43EF2FB4}.Debug|Any CPU.Build.0 = Debug|Any CPU
		{5A33E74B-4AFB-4E1D-AA5C-1B9D43EF2FB4}.Release|Any CPU.ActiveCfg = Release|Any CPU
		{5A33E74B-4AFB-4E1D-AA5C-1B9D43EF2FB4}.Release|Any CPU.Build.0 = Release|Any CPU
		{4B8BF33E-9AF7-40D2-9A22-5BB6C515564C}.Debug|Any CPU.ActiveCfg = Debug|Any CPU
		{4B8BF33E-9AF7-40D2-9A22-5BB6C515564C}.Debug|Any CPU.Build.0 = Debug|Any CPU
		{4B8BF33E-9AF7-40D2-9A22-5BB6C515564C}.Release|Any CPU.ActiveCfg = Release|Any CPU
		{4B8BF33E-9AF7-40D2-9A22-5BB6C515564C}.Release|Any CPU.Build.0 = Release|Any CPU
		{0CAD8CC9-4A2B-48EB-8531-9D9CAD1EE463}.Debug|Any CPU.ActiveCfg = Debug|Any CPU
		{0CAD8CC9-4A2B-48EB-8531-9D9CAD1EE463}.Debug|Any CPU.Build.0 = Debug|Any CPU
		{0CAD8CC9-4A2B-48EB-8531-9D9CAD1EE463}.Release|Any CPU.ActiveCfg = Release|Any CPU
		{0CAD8CC9-4A2B-48EB-8531-9D9CAD1EE463}.Release|Any CPU.Build.0 = Release|Any CPU
		{2030E7F6-211C-4A62-AE57-F706A70ADE5C}.Debug|Any CPU.ActiveCfg = Debug|Any CPU
		{2030E7F6-211C-4A62-AE57-F706A70ADE5C}.Debug|Any CPU.Build.0 = Debug|Any CPU
		{2030E7F6-211C-4A62-AE57-F706A70ADE5C}.Release|Any CPU.ActiveCfg = Release|Any CPU
		{2030E7F6-211C-4A62-AE57-F706A70ADE5C}.Release|Any CPU.Build.0 = Release|Any CPU
		{90911E94-D28E-4311-BD96-0B2D8C94460D}.Debug|Any CPU.ActiveCfg = Debug|Any CPU
		{90911E94-D28E-4311-BD96-0B2D8C94460D}.Debug|Any CPU.Build.0 = Debug|Any CPU
		{90911E94-D28E-4311-BD96-0B2D8C94460D}.Release|Any CPU.ActiveCfg = Release|Any CPU
		{90911E94-D28E-4311-BD96-0B2D8C94460D}.Release|Any CPU.Build.0 = Release|Any CPU
		{0E3FD7FC-B171-472E-8199-1F118B689D19}.Debug|Any CPU.ActiveCfg = Debug|Any CPU
		{0E3FD7FC-B171-472E-8199-1F118B689D19}.Debug|Any CPU.Build.0 = Debug|Any CPU
		{0E3FD7FC-B171-472E-8199-1F118B689D19}.Release|Any CPU.ActiveCfg = Release|Any CPU
		{0E3FD7FC-B171-472E-8199-1F118B689D19}.Release|Any CPU.Build.0 = Release|Any CPU
		{C72DBD94-D3D9-45DB-9129-A3258F0F0F65}.Debug|Any CPU.ActiveCfg = Debug|Any CPU
		{C72DBD94-D3D9-45DB-9129-A3258F0F0F65}.Debug|Any CPU.Build.0 = Debug|Any CPU
		{C72DBD94-D3D9-45DB-9129-A3258F0F0F65}.Release|Any CPU.ActiveCfg = Release|Any CPU
		{C72DBD94-D3D9-45DB-9129-A3258F0F0F65}.Release|Any CPU.Build.0 = Release|Any CPU
		{7626197D-5B4E-446C-B379-69E8D9FC441C}.Debug|Any CPU.ActiveCfg = Debug|Any CPU
		{7626197D-5B4E-446C-B379-69E8D9FC441C}.Debug|Any CPU.Build.0 = Debug|Any CPU
		{7626197D-5B4E-446C-B379-69E8D9FC441C}.Release|Any CPU.ActiveCfg = Release|Any CPU
		{7626197D-5B4E-446C-B379-69E8D9FC441C}.Release|Any CPU.Build.0 = Release|Any CPU
		{CAA5BAA2-7513-48E4-9933-E24680D5E4B4}.Debug|Any CPU.ActiveCfg = Debug|Any CPU
		{CAA5BAA2-7513-48E4-9933-E24680D5E4B4}.Debug|Any CPU.Build.0 = Debug|Any CPU
		{CAA5BAA2-7513-48E4-9933-E24680D5E4B4}.Release|Any CPU.ActiveCfg = Release|Any CPU
		{CAA5BAA2-7513-48E4-9933-E24680D5E4B4}.Release|Any CPU.Build.0 = Release|Any CPU
		{C9F9301F-0C06-48BA-AD54-44664CB6AB4F}.Debug|Any CPU.ActiveCfg = Debug|Any CPU
		{C9F9301F-0C06-48BA-AD54-44664CB6AB4F}.Debug|Any CPU.Build.0 = Debug|Any CPU
		{C9F9301F-0C06-48BA-AD54-44664CB6AB4F}.Release|Any CPU.ActiveCfg = Release|Any CPU
		{C9F9301F-0C06-48BA-AD54-44664CB6AB4F}.Release|Any CPU.Build.0 = Release|Any CPU
		{19F2D824-D6B1-4D02-8E31-F5EFA9761D70}.Debug|Any CPU.ActiveCfg = Debug|Any CPU
		{19F2D824-D6B1-4D02-8E31-F5EFA9761D70}.Debug|Any CPU.Build.0 = Debug|Any CPU
		{19F2D824-D6B1-4D02-8E31-F5EFA9761D70}.Release|Any CPU.ActiveCfg = Release|Any CPU
		{19F2D824-D6B1-4D02-8E31-F5EFA9761D70}.Release|Any CPU.Build.0 = Release|Any CPU
		{2FEF3B6B-0EEC-4EA1-B66F-04137E83D686}.Debug|Any CPU.ActiveCfg = Debug|Any CPU
		{2FEF3B6B-0EEC-4EA1-B66F-04137E83D686}.Debug|Any CPU.Build.0 = Debug|Any CPU
		{2FEF3B6B-0EEC-4EA1-B66F-04137E83D686}.Release|Any CPU.ActiveCfg = Release|Any CPU
		{2FEF3B6B-0EEC-4EA1-B66F-04137E83D686}.Release|Any CPU.Build.0 = Release|Any CPU
		{BF307479-2FB3-46EE-9D48-ECD43B8889B2}.Debug|Any CPU.ActiveCfg = Debug|Any CPU
		{BF307479-2FB3-46EE-9D48-ECD43B8889B2}.Debug|Any CPU.Build.0 = Debug|Any CPU
		{BF307479-2FB3-46EE-9D48-ECD43B8889B2}.Release|Any CPU.ActiveCfg = Release|Any CPU
		{BF307479-2FB3-46EE-9D48-ECD43B8889B2}.Release|Any CPU.Build.0 = Release|Any CPU
	EndGlobalSection
	GlobalSection(SolutionProperties) = preSolution
		HideSolutionNode = FALSE
	EndGlobalSection
	GlobalSection(NestedProjects) = preSolution
		{921D888F-9CE9-4348-9CF2-374A7207BFD2} = {18EB0384-E71A-4AF8-AB7E-4F00C55F5664}
		{AF7ED05B-26C7-40C9-88AD-17E80AEB9EAA} = {18EB0384-E71A-4AF8-AB7E-4F00C55F5664}
		{60F6D41F-0F91-4864-974D-BA14A73859D5} = {18EB0384-E71A-4AF8-AB7E-4F00C55F5664}
		{87DF49E7-CE3D-488F-BCBE-7F144FDF1F27} = {E66630D2-A695-4547-AE2F-91268ABA3878}
		{83DBE6D4-51C1-4FBD-ADE7-CE7A8DE88E6C} = {E66630D2-A695-4547-AE2F-91268ABA3878}
		{88158700-0169-4AE7-A54F-DD099D4A78AF} = {E66630D2-A695-4547-AE2F-91268ABA3878}
		{346E1F7F-6E37-470A-8C0A-E8627E76DB9D} = {2F50D536-A65A-4D73-8573-265C127DFC54}
		{197C622C-C53D-4494-9204-B876F948AECA} = {2F50D536-A65A-4D73-8573-265C127DFC54}
		{5A33E74B-4AFB-4E1D-AA5C-1B9D43EF2FB4} = {2F50D536-A65A-4D73-8573-265C127DFC54}
		{4B8BF33E-9AF7-40D2-9A22-5BB6C515564C} = {0E8F5188-8690-4480-AD14-9BA77197A35B}
		{0CAD8CC9-4A2B-48EB-8531-9D9CAD1EE463} = {0E8F5188-8690-4480-AD14-9BA77197A35B}
		{2030E7F6-211C-4A62-AE57-F706A70ADE5C} = {0E8F5188-8690-4480-AD14-9BA77197A35B}
		{90911E94-D28E-4311-BD96-0B2D8C94460D} = {00206EB6-E7F9-4DE8-81DB-58C76B6C7E13}
		{0E3FD7FC-B171-472E-8199-1F118B689D19} = {00206EB6-E7F9-4DE8-81DB-58C76B6C7E13}
		{C72DBD94-D3D9-45DB-9129-A3258F0F0F65} = {00206EB6-E7F9-4DE8-81DB-58C76B6C7E13}
		{7626197D-5B4E-446C-B379-69E8D9FC441C} = {1E4B4D33-CFF1-4F46-AC81-EE1B795EA805}
		{CAA5BAA2-7513-48E4-9933-E24680D5E4B4} = {1E4B4D33-CFF1-4F46-AC81-EE1B795EA805}
		{C9F9301F-0C06-48BA-AD54-44664CB6AB4F} = {1E4B4D33-CFF1-4F46-AC81-EE1B795EA805}
		{19F2D824-D6B1-4D02-8E31-F5EFA9761D70} = {317B80EE-796B-469C-8869-09316391D545}
		{2FEF3B6B-0EEC-4EA1-B66F-04137E83D686} = {317B80EE-796B-469C-8869-09316391D545}
		{BF307479-2FB3-46EE-9D48-ECD43B8889B2} = {317B80EE-796B-469C-8869-09316391D545}
	EndGlobalSection
	GlobalSection(ExtensibilityGlobals) = postSolution
		SolutionGuid = {2F4E7D46-12DD-44C1-B8CE-A77B605BB34B}
	EndGlobalSection
EndGlobal
